// !$*UTF8*$!
{
	archiveVersion = 1;
	classes = {
	};
	objectVersion = 46;
	objects = {

/* Begin PBXBuildFile section */
		5800E14E1D3C7B8300D1F4D2 /* main.m in Sources */ = {isa = PBXBuildFile; fileRef = 5800E14D1D3C7B8300D1F4D2 /* main.m */; };
		5800E1511D3C7B8300D1F4D2 /* AppDelegate.m in Sources */ = {isa = PBXBuildFile; fileRef = 5800E1501D3C7B8300D1F4D2 /* AppDelegate.m */; };
		5800E1591D3C7B8300D1F4D2 /* Assets.xcassets in Resources */ = {isa = PBXBuildFile; fileRef = 5800E1581D3C7B8300D1F4D2 /* Assets.xcassets */; };
		5800E15C1D3C7B8300D1F4D2 /* LaunchScreen.storyboard in Resources */ = {isa = PBXBuildFile; fileRef = 5800E15A1D3C7B8300D1F4D2 /* LaunchScreen.storyboard */; };
		5800E1671D3C7B8400D1F4D2 /* ZKStickyHeaderViewDemoTests.m in Sources */ = {isa = PBXBuildFile; fileRef = 5800E1661D3C7B8400D1F4D2 /* ZKStickyHeaderViewDemoTests.m */; };
		5800E1721D3C7B8400D1F4D2 /* ZKStickyHeaderViewDemoUITests.m in Sources */ = {isa = PBXBuildFile; fileRef = 5800E1711D3C7B8400D1F4D2 /* ZKStickyHeaderViewDemoUITests.m */; };
		5800E1841D3C7C4500D1F4D2 /* ZKMainViewController.m in Sources */ = {isa = PBXBuildFile; fileRef = 5800E1821D3C7C4500D1F4D2 /* ZKMainViewController.m */; };
		5800E1851D3C7C4500D1F4D2 /* ZKMainViewController.xib in Resources */ = {isa = PBXBuildFile; fileRef = 5800E1831D3C7C4500D1F4D2 /* ZKMainViewController.xib */; };
		5800E1881D3C81A300D1F4D2 /* ZKStickyHeaderView.m in Sources */ = {isa = PBXBuildFile; fileRef = 5800E1871D3C81A300D1F4D2 /* ZKStickyHeaderView.m */; };
		5879616F1D50819300DBDBDE /* MKAnnotationView+WebCache.m in Sources */ = {isa = PBXBuildFile; fileRef = 5879614F1D50819300DBDBDE /* MKAnnotationView+WebCache.m */; };
		587961701D50819300DBDBDE /* NSData+ImageContentType.m in Sources */ = {isa = PBXBuildFile; fileRef = 587961511D50819300DBDBDE /* NSData+ImageContentType.m */; };
		587961711D50819300DBDBDE /* SDImageCache.m in Sources */ = {isa = PBXBuildFile; fileRef = 587961531D50819300DBDBDE /* SDImageCache.m */; };
		587961721D50819300DBDBDE /* SDWebImageCompat.m in Sources */ = {isa = PBXBuildFile; fileRef = 587961551D50819300DBDBDE /* SDWebImageCompat.m */; };
		587961731D50819300DBDBDE /* SDWebImageDecoder.m in Sources */ = {isa = PBXBuildFile; fileRef = 587961571D50819300DBDBDE /* SDWebImageDecoder.m */; };
		587961741D50819300DBDBDE /* SDWebImageDownloader.m in Sources */ = {isa = PBXBuildFile; fileRef = 587961591D50819300DBDBDE /* SDWebImageDownloader.m */; };
		587961751D50819300DBDBDE /* SDWebImageDownloaderOperation.m in Sources */ = {isa = PBXBuildFile; fileRef = 5879615B1D50819300DBDBDE /* SDWebImageDownloaderOperation.m */; };
		587961761D50819300DBDBDE /* SDWebImageManager.m in Sources */ = {isa = PBXBuildFile; fileRef = 5879615D1D50819300DBDBDE /* SDWebImageManager.m */; };
		587961771D50819300DBDBDE /* SDWebImagePrefetcher.m in Sources */ = {isa = PBXBuildFile; fileRef = 587961601D50819300DBDBDE /* SDWebImagePrefetcher.m */; };
		587961781D50819300DBDBDE /* UIButton+WebCache.m in Sources */ = {isa = PBXBuildFile; fileRef = 587961621D50819300DBDBDE /* UIButton+WebCache.m */; };
		587961791D50819300DBDBDE /* UIImage+GIF.m in Sources */ = {isa = PBXBuildFile; fileRef = 587961641D50819300DBDBDE /* UIImage+GIF.m */; };
		5879617A1D50819300DBDBDE /* UIImage+MultiFormat.m in Sources */ = {isa = PBXBuildFile; fileRef = 587961661D50819300DBDBDE /* UIImage+MultiFormat.m */; };
		5879617B1D50819300DBDBDE /* UIImage+WebP.m in Sources */ = {isa = PBXBuildFile; fileRef = 587961681D50819300DBDBDE /* UIImage+WebP.m */; };
		5879617C1D50819300DBDBDE /* UIImageView+HighlightedWebCache.m in Sources */ = {isa = PBXBuildFile; fileRef = 5879616A1D50819300DBDBDE /* UIImageView+HighlightedWebCache.m */; };
		5879617D1D50819300DBDBDE /* UIImageView+WebCache.m in Sources */ = {isa = PBXBuildFile; fileRef = 5879616C1D50819300DBDBDE /* UIImageView+WebCache.m */; };
		5879617E1D50819300DBDBDE /* UIView+WebCacheOperation.m in Sources */ = {isa = PBXBuildFile; fileRef = 5879616E1D50819300DBDBDE /* UIView+WebCacheOperation.m */; };
		5879618F1D50878C00DBDBDE /* MJPhoto.m in Sources */ = {isa = PBXBuildFile; fileRef = 587961811D50878C00DBDBDE /* MJPhoto.m */; };
		587961901D50878C00DBDBDE /* MJPhotoBrowser.bundle in Resources */ = {isa = PBXBuildFile; fileRef = 587961821D50878C00DBDBDE /* MJPhotoBrowser.bundle */; };
		587961911D50878C00DBDBDE /* MJPhotoBrowser.m in Sources */ = {isa = PBXBuildFile; fileRef = 587961841D50878C00DBDBDE /* MJPhotoBrowser.m */; };
		587961921D50878C00DBDBDE /* MJPhotoLoadingView.m in Sources */ = {isa = PBXBuildFile; fileRef = 587961861D50878C00DBDBDE /* MJPhotoLoadingView.m */; };
		587961931D50878C00DBDBDE /* MJPhotoProgressView.m in Sources */ = {isa = PBXBuildFile; fileRef = 587961881D50878C00DBDBDE /* MJPhotoProgressView.m */; };
		587961941D50878C00DBDBDE /* MJPhotoToolbar.m in Sources */ = {isa = PBXBuildFile; fileRef = 5879618A1D50878C00DBDBDE /* MJPhotoToolbar.m */; };
		587961951D50878C00DBDBDE /* MJPhotoView.m in Sources */ = {isa = PBXBuildFile; fileRef = 5879618C1D50878C00DBDBDE /* MJPhotoView.m */; };
		587961961D50878C00DBDBDE /* UIImageView+MJWebCache.m in Sources */ = {isa = PBXBuildFile; fileRef = 5879618E1D50878C00DBDBDE /* UIImageView+MJWebCache.m */; };
		5879619A1D5087A600DBDBDE /* MBProgressHUD.m in Sources */ = {isa = PBXBuildFile; fileRef = 587961991D5087A600DBDBDE /* MBProgressHUD.m */; };
		5879619D1D50882800DBDBDE /* SDWebImageManager+MJ.m in Sources */ = {isa = PBXBuildFile; fileRef = 5879619C1D50882800DBDBDE /* SDWebImageManager+MJ.m */; };
		587961A61D533E0100DBDBDE /* NSTimer+ZKAutoRelease.m in Sources */ = {isa = PBXBuildFile; fileRef = 587961A51D533E0100DBDBDE /* NSTimer+ZKAutoRelease.m */; };
/* End PBXBuildFile section */

/* Begin PBXContainerItemProxy section */
		5800E1631D3C7B8300D1F4D2 /* PBXContainerItemProxy */ = {
			isa = PBXContainerItemProxy;
			containerPortal = 5800E1411D3C7B8300D1F4D2 /* Project object */;
			proxyType = 1;
			remoteGlobalIDString = 5800E1481D3C7B8300D1F4D2;
			remoteInfo = ZKStickyHeaderViewDemo;
		};
		5800E16E1D3C7B8400D1F4D2 /* PBXContainerItemProxy */ = {
			isa = PBXContainerItemProxy;
			containerPortal = 5800E1411D3C7B8300D1F4D2 /* Project object */;
			proxyType = 1;
			remoteGlobalIDString = 5800E1481D3C7B8300D1F4D2;
			remoteInfo = ZKStickyHeaderViewDemo;
		};
/* End PBXContainerItemProxy section */

/* Begin PBXFileReference section */
		5800E1491D3C7B8300D1F4D2 /* ZKStickyHeaderViewDemo.app */ = {isa = PBXFileReference; explicitFileType = wrapper.application; includeInIndex = 0; path = ZKStickyHeaderViewDemo.app; sourceTree = BUILT_PRODUCTS_DIR; };
		5800E14D1D3C7B8300D1F4D2 /* main.m */ = {isa = PBXFileReference; lastKnownFileType = sourcecode.c.objc; path = main.m; sourceTree = "<group>"; };
		5800E14F1D3C7B8300D1F4D2 /* AppDelegate.h */ = {isa = PBXFileReference; lastKnownFileType = sourcecode.c.h; path = AppDelegate.h; sourceTree = "<group>"; };
		5800E1501D3C7B8300D1F4D2 /* AppDelegate.m */ = {isa = PBXFileReference; lastKnownFileType = sourcecode.c.objc; path = AppDelegate.m; sourceTree = "<group>"; };
		5800E1581D3C7B8300D1F4D2 /* Assets.xcassets */ = {isa = PBXFileReference; lastKnownFileType = folder.assetcatalog; path = Assets.xcassets; sourceTree = "<group>"; };
		5800E15B1D3C7B8300D1F4D2 /* Base */ = {isa = PBXFileReference; lastKnownFileType = file.storyboard; name = Base; path = Base.lproj/LaunchScreen.storyboard; sourceTree = "<group>"; };
		5800E15D1D3C7B8300D1F4D2 /* Info.plist */ = {isa = PBXFileReference; lastKnownFileType = text.plist.xml; path = Info.plist; sourceTree = "<group>"; };
		5800E1621D3C7B8300D1F4D2 /* ZKStickyHeaderViewDemoTests.xctest */ = {isa = PBXFileReference; explicitFileType = wrapper.cfbundle; includeInIndex = 0; path = ZKStickyHeaderViewDemoTests.xctest; sourceTree = BUILT_PRODUCTS_DIR; };
		5800E1661D3C7B8400D1F4D2 /* ZKStickyHeaderViewDemoTests.m */ = {isa = PBXFileReference; lastKnownFileType = sourcecode.c.objc; path = ZKStickyHeaderViewDemoTests.m; sourceTree = "<group>"; };
		5800E1681D3C7B8400D1F4D2 /* Info.plist */ = {isa = PBXFileReference; lastKnownFileType = text.plist.xml; path = Info.plist; sourceTree = "<group>"; };
		5800E16D1D3C7B8400D1F4D2 /* ZKStickyHeaderViewDemoUITests.xctest */ = {isa = PBXFileReference; explicitFileType = wrapper.cfbundle; includeInIndex = 0; path = ZKStickyHeaderViewDemoUITests.xctest; sourceTree = BUILT_PRODUCTS_DIR; };
		5800E1711D3C7B8400D1F4D2 /* ZKStickyHeaderViewDemoUITests.m */ = {isa = PBXFileReference; lastKnownFileType = sourcecode.c.objc; path = ZKStickyHeaderViewDemoUITests.m; sourceTree = "<group>"; };
		5800E1731D3C7B8400D1F4D2 /* Info.plist */ = {isa = PBXFileReference; lastKnownFileType = text.plist.xml; path = Info.plist; sourceTree = "<group>"; };
		5800E1811D3C7C4500D1F4D2 /* ZKMainViewController.h */ = {isa = PBXFileReference; fileEncoding = 4; lastKnownFileType = sourcecode.c.h; path = ZKMainViewController.h; sourceTree = "<group>"; };
		5800E1821D3C7C4500D1F4D2 /* ZKMainViewController.m */ = {isa = PBXFileReference; fileEncoding = 4; lastKnownFileType = sourcecode.c.objc; path = ZKMainViewController.m; sourceTree = "<group>"; };
		5800E1831D3C7C4500D1F4D2 /* ZKMainViewController.xib */ = {isa = PBXFileReference; fileEncoding = 4; lastKnownFileType = file.xib; path = ZKMainViewController.xib; sourceTree = "<group>"; };
		5800E1861D3C81A300D1F4D2 /* ZKStickyHeaderView.h */ = {isa = PBXFileReference; fileEncoding = 4; lastKnownFileType = sourcecode.c.h; path = ZKStickyHeaderView.h; sourceTree = "<group>"; };
		5800E1871D3C81A300D1F4D2 /* ZKStickyHeaderView.m */ = {isa = PBXFileReference; fileEncoding = 4; lastKnownFileType = sourcecode.c.objc; path = ZKStickyHeaderView.m; sourceTree = "<group>"; };
		5879614E1D50819300DBDBDE /* MKAnnotationView+WebCache.h */ = {isa = PBXFileReference; fileEncoding = 4; lastKnownFileType = sourcecode.c.h; path = "MKAnnotationView+WebCache.h"; sourceTree = "<group>"; };
		5879614F1D50819300DBDBDE /* MKAnnotationView+WebCache.m */ = {isa = PBXFileReference; fileEncoding = 4; lastKnownFileType = sourcecode.c.objc; path = "MKAnnotationView+WebCache.m"; sourceTree = "<group>"; };
		587961501D50819300DBDBDE /* NSData+ImageContentType.h */ = {isa = PBXFileReference; fileEncoding = 4; lastKnownFileType = sourcecode.c.h; path = "NSData+ImageContentType.h"; sourceTree = "<group>"; };
		587961511D50819300DBDBDE /* NSData+ImageContentType.m */ = {isa = PBXFileReference; fileEncoding = 4; lastKnownFileType = sourcecode.c.objc; path = "NSData+ImageContentType.m"; sourceTree = "<group>"; };
		587961521D50819300DBDBDE /* SDImageCache.h */ = {isa = PBXFileReference; fileEncoding = 4; lastKnownFileType = sourcecode.c.h; path = SDImageCache.h; sourceTree = "<group>"; };
		587961531D50819300DBDBDE /* SDImageCache.m */ = {isa = PBXFileReference; fileEncoding = 4; lastKnownFileType = sourcecode.c.objc; path = SDImageCache.m; sourceTree = "<group>"; };
		587961541D50819300DBDBDE /* SDWebImageCompat.h */ = {isa = PBXFileReference; fileEncoding = 4; lastKnownFileType = sourcecode.c.h; path = SDWebImageCompat.h; sourceTree = "<group>"; };
		587961551D50819300DBDBDE /* SDWebImageCompat.m */ = {isa = PBXFileReference; fileEncoding = 4; lastKnownFileType = sourcecode.c.objc; path = SDWebImageCompat.m; sourceTree = "<group>"; };
		587961561D50819300DBDBDE /* SDWebImageDecoder.h */ = {isa = PBXFileReference; fileEncoding = 4; lastKnownFileType = sourcecode.c.h; path = SDWebImageDecoder.h; sourceTree = "<group>"; };
		587961571D50819300DBDBDE /* SDWebImageDecoder.m */ = {isa = PBXFileReference; fileEncoding = 4; lastKnownFileType = sourcecode.c.objc; path = SDWebImageDecoder.m; sourceTree = "<group>"; };
		587961581D50819300DBDBDE /* SDWebImageDownloader.h */ = {isa = PBXFileReference; fileEncoding = 4; lastKnownFileType = sourcecode.c.h; path = SDWebImageDownloader.h; sourceTree = "<group>"; };
		587961591D50819300DBDBDE /* SDWebImageDownloader.m */ = {isa = PBXFileReference; fileEncoding = 4; lastKnownFileType = sourcecode.c.objc; path = SDWebImageDownloader.m; sourceTree = "<group>"; };
		5879615A1D50819300DBDBDE /* SDWebImageDownloaderOperation.h */ = {isa = PBXFileReference; fileEncoding = 4; lastKnownFileType = sourcecode.c.h; path = SDWebImageDownloaderOperation.h; sourceTree = "<group>"; };
		5879615B1D50819300DBDBDE /* SDWebImageDownloaderOperation.m */ = {isa = PBXFileReference; fileEncoding = 4; lastKnownFileType = sourcecode.c.objc; path = SDWebImageDownloaderOperation.m; sourceTree = "<group>"; };
		5879615C1D50819300DBDBDE /* SDWebImageManager.h */ = {isa = PBXFileReference; fileEncoding = 4; lastKnownFileType = sourcecode.c.h; path = SDWebImageManager.h; sourceTree = "<group>"; };
		5879615D1D50819300DBDBDE /* SDWebImageManager.m */ = {isa = PBXFileReference; fileEncoding = 4; lastKnownFileType = sourcecode.c.objc; path = SDWebImageManager.m; sourceTree = "<group>"; };
		5879615E1D50819300DBDBDE /* SDWebImageOperation.h */ = {isa = PBXFileReference; fileEncoding = 4; lastKnownFileType = sourcecode.c.h; path = SDWebImageOperation.h; sourceTree = "<group>"; };
		5879615F1D50819300DBDBDE /* SDWebImagePrefetcher.h */ = {isa = PBXFileReference; fileEncoding = 4; lastKnownFileType = sourcecode.c.h; path = SDWebImagePrefetcher.h; sourceTree = "<group>"; };
		587961601D50819300DBDBDE /* SDWebImagePrefetcher.m */ = {isa = PBXFileReference; fileEncoding = 4; lastKnownFileType = sourcecode.c.objc; path = SDWebImagePrefetcher.m; sourceTree = "<group>"; };
		587961611D50819300DBDBDE /* UIButton+WebCache.h */ = {isa = PBXFileReference; fileEncoding = 4; lastKnownFileType = sourcecode.c.h; path = "UIButton+WebCache.h"; sourceTree = "<group>"; };
		587961621D50819300DBDBDE /* UIButton+WebCache.m */ = {isa = PBXFileReference; fileEncoding = 4; lastKnownFileType = sourcecode.c.objc; path = "UIButton+WebCache.m"; sourceTree = "<group>"; };
		587961631D50819300DBDBDE /* UIImage+GIF.h */ = {isa = PBXFileReference; fileEncoding = 4; lastKnownFileType = sourcecode.c.h; path = "UIImage+GIF.h"; sourceTree = "<group>"; };
		587961641D50819300DBDBDE /* UIImage+GIF.m */ = {isa = PBXFileReference; fileEncoding = 4; lastKnownFileType = sourcecode.c.objc; path = "UIImage+GIF.m"; sourceTree = "<group>"; };
		587961651D50819300DBDBDE /* UIImage+MultiFormat.h */ = {isa = PBXFileReference; fileEncoding = 4; lastKnownFileType = sourcecode.c.h; path = "UIImage+MultiFormat.h"; sourceTree = "<group>"; };
		587961661D50819300DBDBDE /* UIImage+MultiFormat.m */ = {isa = PBXFileReference; fileEncoding = 4; lastKnownFileType = sourcecode.c.objc; path = "UIImage+MultiFormat.m"; sourceTree = "<group>"; };
		587961671D50819300DBDBDE /* UIImage+WebP.h */ = {isa = PBXFileReference; fileEncoding = 4; lastKnownFileType = sourcecode.c.h; path = "UIImage+WebP.h"; sourceTree = "<group>"; };
		587961681D50819300DBDBDE /* UIImage+WebP.m */ = {isa = PBXFileReference; fileEncoding = 4; lastKnownFileType = sourcecode.c.objc; path = "UIImage+WebP.m"; sourceTree = "<group>"; };
		587961691D50819300DBDBDE /* UIImageView+HighlightedWebCache.h */ = {isa = PBXFileReference; fileEncoding = 4; lastKnownFileType = sourcecode.c.h; path = "UIImageView+HighlightedWebCache.h"; sourceTree = "<group>"; };
		5879616A1D50819300DBDBDE /* UIImageView+HighlightedWebCache.m */ = {isa = PBXFileReference; fileEncoding = 4; lastKnownFileType = sourcecode.c.objc; path = "UIImageView+HighlightedWebCache.m"; sourceTree = "<group>"; };
		5879616B1D50819300DBDBDE /* UIImageView+WebCache.h */ = {isa = PBXFileReference; fileEncoding = 4; lastKnownFileType = sourcecode.c.h; path = "UIImageView+WebCache.h"; sourceTree = "<group>"; };
		5879616C1D50819300DBDBDE /* UIImageView+WebCache.m */ = {isa = PBXFileReference; fileEncoding = 4; lastKnownFileType = sourcecode.c.objc; path = "UIImageView+WebCache.m"; sourceTree = "<group>"; };
		5879616D1D50819300DBDBDE /* UIView+WebCacheOperation.h */ = {isa = PBXFileReference; fileEncoding = 4; lastKnownFileType = sourcecode.c.h; path = "UIView+WebCacheOperation.h"; sourceTree = "<group>"; };
		5879616E1D50819300DBDBDE /* UIView+WebCacheOperation.m */ = {isa = PBXFileReference; fileEncoding = 4; lastKnownFileType = sourcecode.c.objc; path = "UIView+WebCacheOperation.m"; sourceTree = "<group>"; };
		587961801D50878C00DBDBDE /* MJPhoto.h */ = {isa = PBXFileReference; fileEncoding = 4; lastKnownFileType = sourcecode.c.h; path = MJPhoto.h; sourceTree = "<group>"; };
		587961811D50878C00DBDBDE /* MJPhoto.m */ = {isa = PBXFileReference; fileEncoding = 4; lastKnownFileType = sourcecode.c.objc; path = MJPhoto.m; sourceTree = "<group>"; };
		587961821D50878C00DBDBDE /* MJPhotoBrowser.bundle */ = {isa = PBXFileReference; lastKnownFileType = "wrapper.plug-in"; path = MJPhotoBrowser.bundle; sourceTree = "<group>"; };
		587961831D50878C00DBDBDE /* MJPhotoBrowser.h */ = {isa = PBXFileReference; fileEncoding = 4; lastKnownFileType = sourcecode.c.h; path = MJPhotoBrowser.h; sourceTree = "<group>"; };
		587961841D50878C00DBDBDE /* MJPhotoBrowser.m */ = {isa = PBXFileReference; fileEncoding = 4; lastKnownFileType = sourcecode.c.objc; path = MJPhotoBrowser.m; sourceTree = "<group>"; };
		587961851D50878C00DBDBDE /* MJPhotoLoadingView.h */ = {isa = PBXFileReference; fileEncoding = 4; lastKnownFileType = sourcecode.c.h; path = MJPhotoLoadingView.h; sourceTree = "<group>"; };
		587961861D50878C00DBDBDE /* MJPhotoLoadingView.m */ = {isa = PBXFileReference; fileEncoding = 4; lastKnownFileType = sourcecode.c.objc; path = MJPhotoLoadingView.m; sourceTree = "<group>"; };
		587961871D50878C00DBDBDE /* MJPhotoProgressView.h */ = {isa = PBXFileReference; fileEncoding = 4; lastKnownFileType = sourcecode.c.h; path = MJPhotoProgressView.h; sourceTree = "<group>"; };
		587961881D50878C00DBDBDE /* MJPhotoProgressView.m */ = {isa = PBXFileReference; fileEncoding = 4; lastKnownFileType = sourcecode.c.objc; path = MJPhotoProgressView.m; sourceTree = "<group>"; };
		587961891D50878C00DBDBDE /* MJPhotoToolbar.h */ = {isa = PBXFileReference; fileEncoding = 4; lastKnownFileType = sourcecode.c.h; path = MJPhotoToolbar.h; sourceTree = "<group>"; };
		5879618A1D50878C00DBDBDE /* MJPhotoToolbar.m */ = {isa = PBXFileReference; fileEncoding = 4; lastKnownFileType = sourcecode.c.objc; path = MJPhotoToolbar.m; sourceTree = "<group>"; };
		5879618B1D50878C00DBDBDE /* MJPhotoView.h */ = {isa = PBXFileReference; fileEncoding = 4; lastKnownFileType = sourcecode.c.h; path = MJPhotoView.h; sourceTree = "<group>"; };
		5879618C1D50878C00DBDBDE /* MJPhotoView.m */ = {isa = PBXFileReference; fileEncoding = 4; lastKnownFileType = sourcecode.c.objc; path = MJPhotoView.m; sourceTree = "<group>"; };
		5879618D1D50878C00DBDBDE /* UIImageView+MJWebCache.h */ = {isa = PBXFileReference; fileEncoding = 4; lastKnownFileType = sourcecode.c.h; path = "UIImageView+MJWebCache.h"; sourceTree = "<group>"; };
		5879618E1D50878C00DBDBDE /* UIImageView+MJWebCache.m */ = {isa = PBXFileReference; fileEncoding = 4; lastKnownFileType = sourcecode.c.objc; path = "UIImageView+MJWebCache.m"; sourceTree = "<group>"; };
		587961981D5087A600DBDBDE /* MBProgressHUD.h */ = {isa = PBXFileReference; fileEncoding = 4; lastKnownFileType = sourcecode.c.h; path = MBProgressHUD.h; sourceTree = "<group>"; };
		587961991D5087A600DBDBDE /* MBProgressHUD.m */ = {isa = PBXFileReference; fileEncoding = 4; lastKnownFileType = sourcecode.c.objc; path = MBProgressHUD.m; sourceTree = "<group>"; };
		5879619B1D50882800DBDBDE /* SDWebImageManager+MJ.h */ = {isa = PBXFileReference; fileEncoding = 4; lastKnownFileType = sourcecode.c.h; path = "SDWebImageManager+MJ.h"; sourceTree = "<group>"; };
		5879619C1D50882800DBDBDE /* SDWebImageManager+MJ.m */ = {isa = PBXFileReference; fileEncoding = 4; lastKnownFileType = sourcecode.c.objc; path = "SDWebImageManager+MJ.m"; sourceTree = "<group>"; };
		587961A41D533E0100DBDBDE /* NSTimer+ZKAutoRelease.h */ = {isa = PBXFileReference; fileEncoding = 4; lastKnownFileType = sourcecode.c.h; path = "NSTimer+ZKAutoRelease.h"; sourceTree = "<group>"; };
		587961A51D533E0100DBDBDE /* NSTimer+ZKAutoRelease.m */ = {isa = PBXFileReference; fileEncoding = 4; lastKnownFileType = sourcecode.c.objc; path = "NSTimer+ZKAutoRelease.m"; sourceTree = "<group>"; };
/* End PBXFileReference section */

/* Begin PBXFrameworksBuildPhase section */
		5800E1461D3C7B8300D1F4D2 /* Frameworks */ = {
			isa = PBXFrameworksBuildPhase;
			buildActionMask = 2147483647;
			files = (
			);
			runOnlyForDeploymentPostprocessing = 0;
		};
		5800E15F1D3C7B8300D1F4D2 /* Frameworks */ = {
			isa = PBXFrameworksBuildPhase;
			buildActionMask = 2147483647;
			files = (
			);
			runOnlyForDeploymentPostprocessing = 0;
		};
		5800E16A1D3C7B8400D1F4D2 /* Frameworks */ = {
			isa = PBXFrameworksBuildPhase;
			buildActionMask = 2147483647;
			files = (
			);
			runOnlyForDeploymentPostprocessing = 0;
		};
/* End PBXFrameworksBuildPhase section */

/* Begin PBXGroup section */
		5800E1401D3C7B8300D1F4D2 = {
			isa = PBXGroup;
			children = (
				5800E14B1D3C7B8300D1F4D2 /* ZKStickyHeaderViewDemo */,
				5800E1651D3C7B8300D1F4D2 /* ZKStickyHeaderViewDemoTests */,
				5800E1701D3C7B8400D1F4D2 /* ZKStickyHeaderViewDemoUITests */,
				5800E14A1D3C7B8300D1F4D2 /* Products */,
			);
			sourceTree = "<group>";
		};
		5800E14A1D3C7B8300D1F4D2 /* Products */ = {
			isa = PBXGroup;
			children = (
				5800E1491D3C7B8300D1F4D2 /* ZKStickyHeaderViewDemo.app */,
				5800E1621D3C7B8300D1F4D2 /* ZKStickyHeaderViewDemoTests.xctest */,
				5800E16D1D3C7B8400D1F4D2 /* ZKStickyHeaderViewDemoUITests.xctest */,
			);
			name = Products;
			sourceTree = "<group>";
		};
		5800E14B1D3C7B8300D1F4D2 /* ZKStickyHeaderViewDemo */ = {
			isa = PBXGroup;
			children = (
				5800E14F1D3C7B8300D1F4D2 /* AppDelegate.h */,
				5800E1501D3C7B8300D1F4D2 /* AppDelegate.m */,
				5800E17F1D3C7BE200D1F4D2 /* Classes */,
				5879614C1D50815200DBDBDE /* Third */,
				5800E14C1D3C7B8300D1F4D2 /* Supporting Files */,
			);
			path = ZKStickyHeaderViewDemo;
			sourceTree = "<group>";
		};
		5800E14C1D3C7B8300D1F4D2 /* Supporting Files */ = {
			isa = PBXGroup;
			children = (
				5800E15D1D3C7B8300D1F4D2 /* Info.plist */,
				5800E1581D3C7B8300D1F4D2 /* Assets.xcassets */,
				5800E15A1D3C7B8300D1F4D2 /* LaunchScreen.storyboard */,
				5800E14D1D3C7B8300D1F4D2 /* main.m */,
			);
			name = "Supporting Files";
			sourceTree = "<group>";
		};
		5800E1651D3C7B8300D1F4D2 /* ZKStickyHeaderViewDemoTests */ = {
			isa = PBXGroup;
			children = (
				5800E1661D3C7B8400D1F4D2 /* ZKStickyHeaderViewDemoTests.m */,
				5800E1681D3C7B8400D1F4D2 /* Info.plist */,
			);
			path = ZKStickyHeaderViewDemoTests;
			sourceTree = "<group>";
		};
		5800E1701D3C7B8400D1F4D2 /* ZKStickyHeaderViewDemoUITests */ = {
			isa = PBXGroup;
			children = (
				5800E1711D3C7B8400D1F4D2 /* ZKStickyHeaderViewDemoUITests.m */,
				5800E1731D3C7B8400D1F4D2 /* Info.plist */,
			);
			path = ZKStickyHeaderViewDemoUITests;
			sourceTree = "<group>";
		};
		5800E17F1D3C7BE200D1F4D2 /* Classes */ = {
			isa = PBXGroup;
			children = (
				5800E1801D3C7C2700D1F4D2 /* ZKStickyHeaderView */,
				5800E1811D3C7C4500D1F4D2 /* ZKMainViewController.h */,
				5800E1821D3C7C4500D1F4D2 /* ZKMainViewController.m */,
				5800E1831D3C7C4500D1F4D2 /* ZKMainViewController.xib */,
				587961971D5087A600DBDBDE /* MBProgressHUD */,
			);
			path = Classes;
			sourceTree = "<group>";
		};
		5800E1801D3C7C2700D1F4D2 /* ZKStickyHeaderView */ = {
			isa = PBXGroup;
			children = (
				5800E1861D3C81A300D1F4D2 /* ZKStickyHeaderView.h */,
				5800E1871D3C81A300D1F4D2 /* ZKStickyHeaderView.m */,
				587961A31D533DF700DBDBDE /* Supporting */,
			);
			path = ZKStickyHeaderView;
			sourceTree = "<group>";
		};
		5879614C1D50815200DBDBDE /* Third */ = {
			isa = PBXGroup;
			children = (
				5879617F1D50878C00DBDBDE /* MJPhotoBrowser */,
				5879614D1D50819300DBDBDE /* SDWebImage */,
			);
			path = Third;
			sourceTree = "<group>";
		};
		5879614D1D50819300DBDBDE /* SDWebImage */ = {
			isa = PBXGroup;
			children = (
				5879614E1D50819300DBDBDE /* MKAnnotationView+WebCache.h */,
				5879614F1D50819300DBDBDE /* MKAnnotationView+WebCache.m */,
				587961501D50819300DBDBDE /* NSData+ImageContentType.h */,
				587961511D50819300DBDBDE /* NSData+ImageContentType.m */,
				587961521D50819300DBDBDE /* SDImageCache.h */,
				587961531D50819300DBDBDE /* SDImageCache.m */,
				587961541D50819300DBDBDE /* SDWebImageCompat.h */,
				587961551D50819300DBDBDE /* SDWebImageCompat.m */,
				587961561D50819300DBDBDE /* SDWebImageDecoder.h */,
				587961571D50819300DBDBDE /* SDWebImageDecoder.m */,
				587961581D50819300DBDBDE /* SDWebImageDownloader.h */,
				587961591D50819300DBDBDE /* SDWebImageDownloader.m */,
				5879615A1D50819300DBDBDE /* SDWebImageDownloaderOperation.h */,
				5879615B1D50819300DBDBDE /* SDWebImageDownloaderOperation.m */,
				5879615C1D50819300DBDBDE /* SDWebImageManager.h */,
				5879615D1D50819300DBDBDE /* SDWebImageManager.m */,
				5879615E1D50819300DBDBDE /* SDWebImageOperation.h */,
				5879615F1D50819300DBDBDE /* SDWebImagePrefetcher.h */,
				587961601D50819300DBDBDE /* SDWebImagePrefetcher.m */,
				587961611D50819300DBDBDE /* UIButton+WebCache.h */,
				587961621D50819300DBDBDE /* UIButton+WebCache.m */,
				587961631D50819300DBDBDE /* UIImage+GIF.h */,
				587961641D50819300DBDBDE /* UIImage+GIF.m */,
				587961651D50819300DBDBDE /* UIImage+MultiFormat.h */,
				587961661D50819300DBDBDE /* UIImage+MultiFormat.m */,
				587961671D50819300DBDBDE /* UIImage+WebP.h */,
				587961681D50819300DBDBDE /* UIImage+WebP.m */,
				587961691D50819300DBDBDE /* UIImageView+HighlightedWebCache.h */,
				5879616A1D50819300DBDBDE /* UIImageView+HighlightedWebCache.m */,
				5879616B1D50819300DBDBDE /* UIImageView+WebCache.h */,
				5879616C1D50819300DBDBDE /* UIImageView+WebCache.m */,
				5879616D1D50819300DBDBDE /* UIView+WebCacheOperation.h */,
				5879616E1D50819300DBDBDE /* UIView+WebCacheOperation.m */,
			);
			path = SDWebImage;
			sourceTree = "<group>";
		};
		5879617F1D50878C00DBDBDE /* MJPhotoBrowser */ = {
			isa = PBXGroup;
			children = (
				5879619B1D50882800DBDBDE /* SDWebImageManager+MJ.h */,
				5879619C1D50882800DBDBDE /* SDWebImageManager+MJ.m */,
				587961801D50878C00DBDBDE /* MJPhoto.h */,
				587961811D50878C00DBDBDE /* MJPhoto.m */,
				587961831D50878C00DBDBDE /* MJPhotoBrowser.h */,
				587961841D50878C00DBDBDE /* MJPhotoBrowser.m */,
				587961851D50878C00DBDBDE /* MJPhotoLoadingView.h */,
				587961861D50878C00DBDBDE /* MJPhotoLoadingView.m */,
				587961871D50878C00DBDBDE /* MJPhotoProgressView.h */,
				587961881D50878C00DBDBDE /* MJPhotoProgressView.m */,
				587961891D50878C00DBDBDE /* MJPhotoToolbar.h */,
				5879618A1D50878C00DBDBDE /* MJPhotoToolbar.m */,
				5879618B1D50878C00DBDBDE /* MJPhotoView.h */,
				5879618C1D50878C00DBDBDE /* MJPhotoView.m */,
				5879618D1D50878C00DBDBDE /* UIImageView+MJWebCache.h */,
				5879618E1D50878C00DBDBDE /* UIImageView+MJWebCache.m */,
				587961821D50878C00DBDBDE /* MJPhotoBrowser.bundle */,
			);
			path = MJPhotoBrowser;
			sourceTree = "<group>";
		};
		587961971D5087A600DBDBDE /* MBProgressHUD */ = {
			isa = PBXGroup;
			children = (
				587961981D5087A600DBDBDE /* MBProgressHUD.h */,
				587961991D5087A600DBDBDE /* MBProgressHUD.m */,
			);
			path = MBProgressHUD;
			sourceTree = "<group>";
		};
		587961A31D533DF700DBDBDE /* Supporting */ = {
			isa = PBXGroup;
			children = (
				587961A41D533E0100DBDBDE /* NSTimer+ZKAutoRelease.h */,
				587961A51D533E0100DBDBDE /* NSTimer+ZKAutoRelease.m */,
			);
			path = Supporting;
			sourceTree = "<group>";
		};
/* End PBXGroup section */

/* Begin PBXNativeTarget section */
		5800E1481D3C7B8300D1F4D2 /* ZKStickyHeaderViewDemo */ = {
			isa = PBXNativeTarget;
			buildConfigurationList = 5800E1761D3C7B8400D1F4D2 /* Build configuration list for PBXNativeTarget "ZKStickyHeaderViewDemo" */;
			buildPhases = (
				5800E1451D3C7B8300D1F4D2 /* Sources */,
				5800E1461D3C7B8300D1F4D2 /* Frameworks */,
				5800E1471D3C7B8300D1F4D2 /* Resources */,
			);
			buildRules = (
			);
			dependencies = (
			);
			name = ZKStickyHeaderViewDemo;
			productName = ZKStickyHeaderViewDemo;
			productReference = 5800E1491D3C7B8300D1F4D2 /* ZKStickyHeaderViewDemo.app */;
			productType = "com.apple.product-type.application";
		};
		5800E1611D3C7B8300D1F4D2 /* ZKStickyHeaderViewDemoTests */ = {
			isa = PBXNativeTarget;
			buildConfigurationList = 5800E1791D3C7B8400D1F4D2 /* Build configuration list for PBXNativeTarget "ZKStickyHeaderViewDemoTests" */;
			buildPhases = (
				5800E15E1D3C7B8300D1F4D2 /* Sources */,
				5800E15F1D3C7B8300D1F4D2 /* Frameworks */,
				5800E1601D3C7B8300D1F4D2 /* Resources */,
			);
			buildRules = (
			);
			dependencies = (
				5800E1641D3C7B8300D1F4D2 /* PBXTargetDependency */,
			);
			name = ZKStickyHeaderViewDemoTests;
			productName = ZKStickyHeaderViewDemoTests;
			productReference = 5800E1621D3C7B8300D1F4D2 /* ZKStickyHeaderViewDemoTests.xctest */;
			productType = "com.apple.product-type.bundle.unit-test";
		};
		5800E16C1D3C7B8400D1F4D2 /* ZKStickyHeaderViewDemoUITests */ = {
			isa = PBXNativeTarget;
			buildConfigurationList = 5800E17C1D3C7B8400D1F4D2 /* Build configuration list for PBXNativeTarget "ZKStickyHeaderViewDemoUITests" */;
			buildPhases = (
				5800E1691D3C7B8400D1F4D2 /* Sources */,
				5800E16A1D3C7B8400D1F4D2 /* Frameworks */,
				5800E16B1D3C7B8400D1F4D2 /* Resources */,
			);
			buildRules = (
			);
			dependencies = (
				5800E16F1D3C7B8400D1F4D2 /* PBXTargetDependency */,
			);
			name = ZKStickyHeaderViewDemoUITests;
			productName = ZKStickyHeaderViewDemoUITests;
			productReference = 5800E16D1D3C7B8400D1F4D2 /* ZKStickyHeaderViewDemoUITests.xctest */;
			productType = "com.apple.product-type.bundle.ui-testing";
		};
/* End PBXNativeTarget section */

/* Begin PBXProject section */
		5800E1411D3C7B8300D1F4D2 /* Project object */ = {
			isa = PBXProject;
			attributes = {
				LastUpgradeCheck = 0730;
				ORGANIZATIONNAME = ZK;
				TargetAttributes = {
					5800E1481D3C7B8300D1F4D2 = {
						CreatedOnToolsVersion = 7.3.1;
						DevelopmentTeam = TE2958KSXV;
					};
					5800E1611D3C7B8300D1F4D2 = {
						CreatedOnToolsVersion = 7.3.1;
						TestTargetID = 5800E1481D3C7B8300D1F4D2;
					};
					5800E16C1D3C7B8400D1F4D2 = {
						CreatedOnToolsVersion = 7.3.1;
						TestTargetID = 5800E1481D3C7B8300D1F4D2;
					};
				};
			};
			buildConfigurationList = 5800E1441D3C7B8300D1F4D2 /* Build configuration list for PBXProject "ZKStickyHeaderViewDemo" */;
			compatibilityVersion = "Xcode 3.2";
			developmentRegion = English;
			hasScannedForEncodings = 0;
			knownRegions = (
				en,
				Base,
			);
			mainGroup = 5800E1401D3C7B8300D1F4D2;
			productRefGroup = 5800E14A1D3C7B8300D1F4D2 /* Products */;
			projectDirPath = "";
			projectRoot = "";
			targets = (
				5800E1481D3C7B8300D1F4D2 /* ZKStickyHeaderViewDemo */,
				5800E1611D3C7B8300D1F4D2 /* ZKStickyHeaderViewDemoTests */,
				5800E16C1D3C7B8400D1F4D2 /* ZKStickyHeaderViewDemoUITests */,
			);
		};
/* End PBXProject section */

/* Begin PBXResourcesBuildPhase section */
		5800E1471D3C7B8300D1F4D2 /* Resources */ = {
			isa = PBXResourcesBuildPhase;
			buildActionMask = 2147483647;
			files = (
				5800E15C1D3C7B8300D1F4D2 /* LaunchScreen.storyboard in Resources */,
				5800E1591D3C7B8300D1F4D2 /* Assets.xcassets in Resources */,
				5800E1851D3C7C4500D1F4D2 /* ZKMainViewController.xib in Resources */,
				587961901D50878C00DBDBDE /* MJPhotoBrowser.bundle in Resources */,
			);
			runOnlyForDeploymentPostprocessing = 0;
		};
		5800E1601D3C7B8300D1F4D2 /* Resources */ = {
			isa = PBXResourcesBuildPhase;
			buildActionMask = 2147483647;
			files = (
			);
			runOnlyForDeploymentPostprocessing = 0;
		};
		5800E16B1D3C7B8400D1F4D2 /* Resources */ = {
			isa = PBXResourcesBuildPhase;
			buildActionMask = 2147483647;
			files = (
			);
			runOnlyForDeploymentPostprocessing = 0;
		};
/* End PBXResourcesBuildPhase section */

/* Begin PBXSourcesBuildPhase section */
		5800E1451D3C7B8300D1F4D2 /* Sources */ = {
			isa = PBXSourcesBuildPhase;
			buildActionMask = 2147483647;
			files = (
				5879617C1D50819300DBDBDE /* UIImageView+HighlightedWebCache.m in Sources */,
				5879618F1D50878C00DBDBDE /* MJPhoto.m in Sources */,
				587961961D50878C00DBDBDE /* UIImageView+MJWebCache.m in Sources */,
				587961941D50878C00DBDBDE /* MJPhotoToolbar.m in Sources */,
				5879617A1D50819300DBDBDE /* UIImage+MultiFormat.m in Sources */,
				587961751D50819300DBDBDE /* SDWebImageDownloaderOperation.m in Sources */,
				5800E1511D3C7B8300D1F4D2 /* AppDelegate.m in Sources */,
				587961721D50819300DBDBDE /* SDWebImageCompat.m in Sources */,
				587961791D50819300DBDBDE /* UIImage+GIF.m in Sources */,
				587961771D50819300DBDBDE /* SDWebImagePrefetcher.m in Sources */,
				5800E14E1D3C7B8300D1F4D2 /* main.m in Sources */,
				587961931D50878C00DBDBDE /* MJPhotoProgressView.m in Sources */,
				5800E1841D3C7C4500D1F4D2 /* ZKMainViewController.m in Sources */,
				5879617B1D50819300DBDBDE /* UIImage+WebP.m in Sources */,
				5879617D1D50819300DBDBDE /* UIImageView+WebCache.m in Sources */,
				587961951D50878C00DBDBDE /* MJPhotoView.m in Sources */,
				587961741D50819300DBDBDE /* SDWebImageDownloader.m in Sources */,
				5879617E1D50819300DBDBDE /* UIView+WebCacheOperation.m in Sources */,
				587961781D50819300DBDBDE /* UIButton+WebCache.m in Sources */,
				587961A61D533E0100DBDBDE /* NSTimer+ZKAutoRelease.m in Sources */,
				5879616F1D50819300DBDBDE /* MKAnnotationView+WebCache.m in Sources */,
				587961701D50819300DBDBDE /* NSData+ImageContentType.m in Sources */,
				5800E1881D3C81A300D1F4D2 /* ZKStickyHeaderView.m in Sources */,
				587961911D50878C00DBDBDE /* MJPhotoBrowser.m in Sources */,
				5879619D1D50882800DBDBDE /* SDWebImageManager+MJ.m in Sources */,
				587961921D50878C00DBDBDE /* MJPhotoLoadingView.m in Sources */,
				587961761D50819300DBDBDE /* SDWebImageManager.m in Sources */,
				587961731D50819300DBDBDE /* SDWebImageDecoder.m in Sources */,
				587961711D50819300DBDBDE /* SDImageCache.m in Sources */,
				5879619A1D5087A600DBDBDE /* MBProgressHUD.m in Sources */,
			);
			runOnlyForDeploymentPostprocessing = 0;
		};
		5800E15E1D3C7B8300D1F4D2 /* Sources */ = {
			isa = PBXSourcesBuildPhase;
			buildActionMask = 2147483647;
			files = (
				5800E1671D3C7B8400D1F4D2 /* ZKStickyHeaderViewDemoTests.m in Sources */,
			);
			runOnlyForDeploymentPostprocessing = 0;
		};
		5800E1691D3C7B8400D1F4D2 /* Sources */ = {
			isa = PBXSourcesBuildPhase;
			buildActionMask = 2147483647;
			files = (
				5800E1721D3C7B8400D1F4D2 /* ZKStickyHeaderViewDemoUITests.m in Sources */,
			);
			runOnlyForDeploymentPostprocessing = 0;
		};
/* End PBXSourcesBuildPhase section */

/* Begin PBXTargetDependency section */
		5800E1641D3C7B8300D1F4D2 /* PBXTargetDependency */ = {
			isa = PBXTargetDependency;
			target = 5800E1481D3C7B8300D1F4D2 /* ZKStickyHeaderViewDemo */;
			targetProxy = 5800E1631D3C7B8300D1F4D2 /* PBXContainerItemProxy */;
		};
		5800E16F1D3C7B8400D1F4D2 /* PBXTargetDependency */ = {
			isa = PBXTargetDependency;
			target = 5800E1481D3C7B8300D1F4D2 /* ZKStickyHeaderViewDemo */;
			targetProxy = 5800E16E1D3C7B8400D1F4D2 /* PBXContainerItemProxy */;
		};
/* End PBXTargetDependency section */

/* Begin PBXVariantGroup section */
		5800E15A1D3C7B8300D1F4D2 /* LaunchScreen.storyboard */ = {
			isa = PBXVariantGroup;
			children = (
				5800E15B1D3C7B8300D1F4D2 /* Base */,
			);
			name = LaunchScreen.storyboard;
			sourceTree = "<group>";
		};
/* End PBXVariantGroup section */

/* Begin XCBuildConfiguration section */
		5800E1741D3C7B8400D1F4D2 /* Debug */ = {
			isa = XCBuildConfiguration;
			buildSettings = {
				ALWAYS_SEARCH_USER_PATHS = NO;
				CLANG_ANALYZER_NONNULL = YES;
				CLANG_CXX_LANGUAGE_STANDARD = "gnu++0x";
				CLANG_CXX_LIBRARY = "libc++";
				CLANG_ENABLE_MODULES = YES;
				CLANG_ENABLE_OBJC_ARC = YES;
				CLANG_WARN_BOOL_CONVERSION = YES;
				CLANG_WARN_CONSTANT_CONVERSION = YES;
				CLANG_WARN_DIRECT_OBJC_ISA_USAGE = YES_ERROR;
				CLANG_WARN_EMPTY_BODY = YES;
				CLANG_WARN_ENUM_CONVERSION = YES;
				CLANG_WARN_INT_CONVERSION = YES;
				CLANG_WARN_OBJC_ROOT_CLASS = YES_ERROR;
				CLANG_WARN_UNREACHABLE_CODE = YES;
				CLANG_WARN__DUPLICATE_METHOD_MATCH = YES;
				"CODE_SIGN_IDENTITY[sdk=iphoneos*]" = "iPhone Developer";
				COPY_PHASE_STRIP = NO;
				DEBUG_INFORMATION_FORMAT = dwarf;
				ENABLE_STRICT_OBJC_MSGSEND = YES;
				ENABLE_TESTABILITY = YES;
				GCC_C_LANGUAGE_STANDARD = gnu99;
				GCC_DYNAMIC_NO_PIC = NO;
				GCC_NO_COMMON_BLOCKS = YES;
				GCC_OPTIMIZATION_LEVEL = 0;
				GCC_PREPROCESSOR_DEFINITIONS = (
					"DEBUG=1",
					"$(inherited)",
				);
				GCC_WARN_64_TO_32_BIT_CONVERSION = YES;
				GCC_WARN_ABOUT_RETURN_TYPE = YES_ERROR;
				GCC_WARN_UNDECLARED_SELECTOR = YES;
				GCC_WARN_UNINITIALIZED_AUTOS = YES_AGGRESSIVE;
				GCC_WARN_UNUSED_FUNCTION = YES;
				GCC_WARN_UNUSED_VARIABLE = YES;
				IPHONEOS_DEPLOYMENT_TARGET = 9.3;
				MTL_ENABLE_DEBUG_INFO = YES;
				ONLY_ACTIVE_ARCH = YES;
				SDKROOT = iphoneos;
			};
			name = Debug;
		};
		5800E1751D3C7B8400D1F4D2 /* Release */ = {
			isa = XCBuildConfiguration;
			buildSettings = {
				ALWAYS_SEARCH_USER_PATHS = NO;
				CLANG_ANALYZER_NONNULL = YES;
				CLANG_CXX_LANGUAGE_STANDARD = "gnu++0x";
				CLANG_CXX_LIBRARY = "libc++";
				CLANG_ENABLE_MODULES = YES;
				CLANG_ENABLE_OBJC_ARC = YES;
				CLANG_WARN_BOOL_CONVERSION = YES;
				CLANG_WARN_CONSTANT_CONVERSION = YES;
				CLANG_WARN_DIRECT_OBJC_ISA_USAGE = YES_ERROR;
				CLANG_WARN_EMPTY_BODY = YES;
				CLANG_WARN_ENUM_CONVERSION = YES;
				CLANG_WARN_INT_CONVERSION = YES;
				CLANG_WARN_OBJC_ROOT_CLASS = YES_ERROR;
				CLANG_WARN_UNREACHABLE_CODE = YES;
				CLANG_WARN__DUPLICATE_METHOD_MATCH = YES;
				"CODE_SIGN_IDENTITY[sdk=iphoneos*]" = "iPhone Developer";
				COPY_PHASE_STRIP = NO;
				DEBUG_INFORMATION_FORMAT = "dwarf-with-dsym";
				ENABLE_NS_ASSERTIONS = NO;
				ENABLE_STRICT_OBJC_MSGSEND = YES;
				GCC_C_LANGUAGE_STANDARD = gnu99;
				GCC_NO_COMMON_BLOCKS = YES;
				GCC_WARN_64_TO_32_BIT_CONVERSION = YES;
				GCC_WARN_ABOUT_RETURN_TYPE = YES_ERROR;
				GCC_WARN_UNDECLARED_SELECTOR = YES;
				GCC_WARN_UNINITIALIZED_AUTOS = YES_AGGRESSIVE;
				GCC_WARN_UNUSED_FUNCTION = YES;
				GCC_WARN_UNUSED_VARIABLE = YES;
				IPHONEOS_DEPLOYMENT_TARGET = 9.3;
				MTL_ENABLE_DEBUG_INFO = NO;
				SDKROOT = iphoneos;
				VALIDATE_PRODUCT = YES;
			};
			name = Release;
		};
		5800E1771D3C7B8400D1F4D2 /* Debug */ = {
			isa = XCBuildConfiguration;
			buildSettings = {
				ASSETCATALOG_COMPILER_APPICON_NAME = AppIcon;
				CODE_SIGN_IDENTITY = "iPhone Developer";
				"CODE_SIGN_IDENTITY[sdk=iphoneos*]" = "iPhone Developer";
				INFOPLIST_FILE = ZKStickyHeaderViewDemo/Info.plist;
				IPHONEOS_DEPLOYMENT_TARGET = 8.2;
				LD_RUNPATH_SEARCH_PATHS = "$(inherited) @executable_path/Frameworks";
				PRODUCT_BUNDLE_IDENTIFIER = com.zk520it.ZKStickyHeaderView;
				PRODUCT_NAME = "$(TARGET_NAME)";
				PROVISIONING_PROFILE = "";
			};
			name = Debug;
		};
		5800E1781D3C7B8400D1F4D2 /* Release */ = {
			isa = XCBuildConfiguration;
			buildSettings = {
				ASSETCATALOG_COMPILER_APPICON_NAME = AppIcon;
				CODE_SIGN_IDENTITY = "iPhone Developer";
				"CODE_SIGN_IDENTITY[sdk=iphoneos*]" = "iPhone Developer";
				INFOPLIST_FILE = ZKStickyHeaderViewDemo/Info.plist;
				IPHONEOS_DEPLOYMENT_TARGET = 8.2;
				LD_RUNPATH_SEARCH_PATHS = "$(inherited) @executable_path/Frameworks";
				PRODUCT_BUNDLE_IDENTIFIER = com.zk520it.ZKStickyHeaderView;
				PRODUCT_NAME = "$(TARGET_NAME)";
				PROVISIONING_PROFILE = "";
			};
			name = Release;
		};
		5800E17A1D3C7B8400D1F4D2 /* Debug */ = {
			isa = XCBuildConfiguration;
			buildSettings = {
				BUNDLE_LOADER = "$(TEST_HOST)";
				INFOPLIST_FILE = ZKStickyHeaderViewDemoTests/Info.plist;
				LD_RUNPATH_SEARCH_PATHS = "$(inherited) @executable_path/Frameworks @loader_path/Frameworks";
				PRODUCT_BUNDLE_IDENTIFIER = com.zk520it.ZKStickyHeaderViewDemoTests;
				PRODUCT_NAME = "$(TARGET_NAME)";
				TEST_HOST = "$(BUILT_PRODUCTS_DIR)/ZKStickyHeaderViewDemo.app/ZKStickyHeaderViewDemo";
			};
			name = Debug;
		};
		5800E17B1D3C7B8400D1F4D2 /* Release */ = {
			isa = XCBuildConfiguration;
			buildSettings = {
				BUNDLE_LOADER = "$(TEST_HOST)";
				INFOPLIST_FILE = ZKStickyHeaderViewDemoTests/Info.plist;
				LD_RUNPATH_SEARCH_PATHS = "$(inherited) @executable_path/Frameworks @loader_path/Frameworks";
				PRODUCT_BUNDLE_IDENTIFIER = com.zk520it.ZKStickyHeaderViewDemoTests;
				PRODUCT_NAME = "$(TARGET_NAME)";
				TEST_HOST = "$(BUILT_PRODUCTS_DIR)/ZKStickyHeaderViewDemo.app/ZKStickyHeaderViewDemo";
			};
			name = Release;
		};
		5800E17D1D3C7B8400D1F4D2 /* Debug */ = {
			isa = XCBuildConfiguration;
			buildSettings = {
				INFOPLIST_FILE = ZKStickyHeaderViewDemoUITests/Info.plist;
				LD_RUNPATH_SEARCH_PATHS = "$(inherited) @executable_path/Frameworks @loader_path/Frameworks";
				PRODUCT_BUNDLE_IDENTIFIER = com.zk520it.ZKStickyHeaderViewDemoUITests;
				PRODUCT_NAME = "$(TARGET_NAME)";
				TEST_TARGET_NAME = ZKStickyHeaderViewDemo;
			};
			name = Debug;
		};
		5800E17E1D3C7B8400D1F4D2 /* Release */ = {
			isa = XCBuildConfiguration;
			buildSettings = {
				INFOPLIST_FILE = ZKStickyHeaderViewDemoUITests/Info.plist;
				LD_RUNPATH_SEARCH_PATHS = "$(inherited) @executable_path/Frameworks @loader_path/Frameworks";
				PRODUCT_BUNDLE_IDENTIFIER = com.zk520it.ZKStickyHeaderViewDemoUITests;
				PRODUCT_NAME = "$(TARGET_NAME)";
				TEST_TARGET_NAME = ZKStickyHeaderViewDemo;
			};
			name = Release;
		};
/* End XCBuildConfiguration section */

/* Begin XCConfigurationList section */
		5800E1441D3C7B8300D1F4D2 /* Build configuration list for PBXProject "ZKStickyHeaderViewDemo" */ = {
			isa = XCConfigurationList;
			buildConfigurations = (
				5800E1741D3C7B8400D1F4D2 /* Debug */,
				5800E1751D3C7B8400D1F4D2 /* Release */,
			);
			defaultConfigurationIsVisible = 0;
			defaultConfigurationName = Release;
		};
		5800E1761D3C7B8400D1F4D2 /* Build configuration list for PBXNativeTarget "ZKStickyHeaderViewDemo" */ = {
			isa = XCConfigurationList;
			buildConfigurations = (
				5800E1771D3C7B8400D1F4D2 /* Debug */,
				5800E1781D3C7B8400D1F4D2 /* Release */,
			);
			defaultConfigurationIsVisible = 0;
			defaultConfigurationName = Release;
		};
		5800E1791D3C7B8400D1F4D2 /* Build configuration list for PBXNativeTarget "ZKStickyHeaderViewDemoTests" */ = {
			isa = XCConfigurationList;
			buildConfigurations = (
				5800E17A1D3C7B8400D1F4D2 /* Debug */,
				5800E17B1D3C7B8400D1F4D2 /* Release */,
			);
			defaultConfigurationIsVisible = 0;
			defaultConfigurationName = Release;
		};
		5800E17C1D3C7B8400D1F4D2 /* Build configuration list for PBXNativeTarget "ZKStickyHeaderViewDemoUITests" */ = {
			isa = XCConfigurationList;
			buildConfigurations = (
				5800E17D1D3C7B8400D1F4D2 /* Debug */,
				5800E17E1D3C7B8400D1F4D2 /* Release */,
			);
			defaultConfigurationIsVisible = 0;
			defaultConfigurationName = Release;
		};
/* End XCConfigurationList section */
	};
	rootObject = 5800E1411D3C7B8300D1F4D2 /* Project object */;
}
